// !$*UTF8*$!
{
	archiveVersion = 1;
	classes = {
	};
	objectVersion = 55;
	objects = {

/* Begin PBXBuildFile section */
		C60A2A1727D435A50093F194 /* TopCollectionViewCell.swift in Sources */ = {isa = PBXBuildFile; fileRef = C60A2A1527D435A50093F194 /* TopCollectionViewCell.swift */; };
		C60A2A1827D435A50093F194 /* TopCollectionViewCell.xib in Resources */ = {isa = PBXBuildFile; fileRef = C60A2A1627D435A50093F194 /* TopCollectionViewCell.xib */; };
		C63EDEFD27DD1F8B00D360A1 /* InputAlertViewController.swift in Sources */ = {isa = PBXBuildFile; fileRef = C63EDEFC27DD1F8B00D360A1 /* InputAlertViewController.swift */; };
		C65621B327D6C8D70002264A /* EmptyView.xib in Resources */ = {isa = PBXBuildFile; fileRef = C65621B227D6C8D70002264A /* EmptyView.xib */; };
		C65621B527D6C9860002264A /* EmptyView.swift in Sources */ = {isa = PBXBuildFile; fileRef = C65621B427D6C9860002264A /* EmptyView.swift */; };
		C664560D27DC55A500AF8F26 /* AlertViewController.swift in Sources */ = {isa = PBXBuildFile; fileRef = C664560C27DC55A500AF8F26 /* AlertViewController.swift */; };
		C66E099527D3D81800D3BDB2 /* AppDelegate.swift in Sources */ = {isa = PBXBuildFile; fileRef = C66E099427D3D81800D3BDB2 /* AppDelegate.swift */; };
		C66E099727D3D81800D3BDB2 /* SceneDelegate.swift in Sources */ = {isa = PBXBuildFile; fileRef = C66E099627D3D81800D3BDB2 /* SceneDelegate.swift */; };
		C66E099C27D3D81800D3BDB2 /* Main.storyboard in Resources */ = {isa = PBXBuildFile; fileRef = C66E099A27D3D81800D3BDB2 /* Main.storyboard */; };
		C66E099F27D3D81800D3BDB2 /* VideoGamesApp.xcdatamodeld in Sources */ = {isa = PBXBuildFile; fileRef = C66E099D27D3D81800D3BDB2 /* VideoGamesApp.xcdatamodeld */; };
		C66E09A127D3D81A00D3BDB2 /* Assets.xcassets in Resources */ = {isa = PBXBuildFile; fileRef = C66E09A027D3D81A00D3BDB2 /* Assets.xcassets */; };
		C66E09A427D3D81A00D3BDB2 /* LaunchScreen.storyboard in Resources */ = {isa = PBXBuildFile; fileRef = C66E09A227D3D81A00D3BDB2 /* LaunchScreen.storyboard */; };
		C66E09AF27D3D88A00D3BDB2 /* OnboardingViewController.swift in Sources */ = {isa = PBXBuildFile; fileRef = C66E09AE27D3D88A00D3BDB2 /* OnboardingViewController.swift */; };
		C66E09B127D3D8A100D3BDB2 /* UserLongInViewController.swift in Sources */ = {isa = PBXBuildFile; fileRef = C66E09B027D3D8A100D3BDB2 /* UserLongInViewController.swift */; };
		C66E09B327D3DB3400D3BDB2 /* GameListViewController.swift in Sources */ = {isa = PBXBuildFile; fileRef = C66E09B227D3DB3400D3BDB2 /* GameListViewController.swift */; };
		C66E09B527D3DB4B00D3BDB2 /* GameScreenViewController.swift in Sources */ = {isa = PBXBuildFile; fileRef = C66E09B427D3DB4B00D3BDB2 /* GameScreenViewController.swift */; };
		C66E09B727D3DF9E00D3BDB2 /* LikedGamesViewController.swift in Sources */ = {isa = PBXBuildFile; fileRef = C66E09B627D3DF9E00D3BDB2 /* LikedGamesViewController.swift */; };
		C66E09BB27D3EB1C00D3BDB2 /* UserProfileViewController.swift in Sources */ = {isa = PBXBuildFile; fileRef = C66E09BA27D3EB1C00D3BDB2 /* UserProfileViewController.swift */; };
		C6A392BE27D812E7007BC017 /* ImageConfigure.swift in Sources */ = {isa = PBXBuildFile; fileRef = C6A392BD27D812E7007BC017 /* ImageConfigure.swift */; };
		C6B49D7227DAC0530014B9A8 /* String+Ex.swift in Sources */ = {isa = PBXBuildFile; fileRef = C6B49D7127DAC0530014B9A8 /* String+Ex.swift */; };
		C6B49D7627DAEF790014B9A8 /* UIView+Ex.swift in Sources */ = {isa = PBXBuildFile; fileRef = C6B49D7527DAEF790014B9A8 /* UIView+Ex.swift */; };
		C6DF66D427D4EA9E00ED2C35 /* BottomCollectionViewCell.swift in Sources */ = {isa = PBXBuildFile; fileRef = C6DF66D227D4EA9E00ED2C35 /* BottomCollectionViewCell.swift */; };
		C6DF66D527D4EA9E00ED2C35 /* BottomCollectionViewCell.xib in Resources */ = {isa = PBXBuildFile; fileRef = C6DF66D327D4EA9E00ED2C35 /* BottomCollectionViewCell.xib */; };
		C6DF66D727D4EB7F00ED2C35 /* GameListModel.swift in Sources */ = {isa = PBXBuildFile; fileRef = C6DF66D627D4EB7F00ED2C35 /* GameListModel.swift */; };
		C6DF66D927D4EC2B00ED2C35 /* GameDataModel.swift in Sources */ = {isa = PBXBuildFile; fileRef = C6DF66D827D4EC2B00ED2C35 /* GameDataModel.swift */; };
		C6DF66E027D50D0D00ED2C35 /* UIImageView+Ex.swift in Sources */ = {isa = PBXBuildFile; fileRef = C6DF66DF27D50D0D00ED2C35 /* UIImageView+Ex.swift */; };
		C6DF66E427D57EE900ED2C35 /* OnboardingCollectionViewCell.swift in Sources */ = {isa = PBXBuildFile; fileRef = C6DF66E327D57EE900ED2C35 /* OnboardingCollectionViewCell.swift */; };
		C6DF66E627D5BDF600ED2C35 /* GameScreenCollectionViewCell.swift in Sources */ = {isa = PBXBuildFile; fileRef = C6DF66E527D5BDF600ED2C35 /* GameScreenCollectionViewCell.swift */; };
		C6DF66ED27D5D03100ED2C35 /* GameInfoModel.swift in Sources */ = {isa = PBXBuildFile; fileRef = C6DF66EC27D5D03100ED2C35 /* GameInfoModel.swift */; };
		C6DF66EF27D5D2A400ED2C35 /* SlideModel.swift in Sources */ = {isa = PBXBuildFile; fileRef = C6DF66EE27D5D2A400ED2C35 /* SlideModel.swift */; };
/* End PBXBuildFile section */

/* Begin PBXFileReference section */
		C60A2A1527D435A50093F194 /* TopCollectionViewCell.swift */ = {isa = PBXFileReference; lastKnownFileType = sourcecode.swift; path = TopCollectionViewCell.swift; sourceTree = "<group>"; };
		C60A2A1627D435A50093F194 /* TopCollectionViewCell.xib */ = {isa = PBXFileReference; lastKnownFileType = file.xib; path = TopCollectionViewCell.xib; sourceTree = "<group>"; };
		C63EDEFC27DD1F8B00D360A1 /* InputAlertViewController.swift */ = {isa = PBXFileReference; lastKnownFileType = sourcecode.swift; path = InputAlertViewController.swift; sourceTree = "<group>"; };
		C65621B227D6C8D70002264A /* EmptyView.xib */ = {isa = PBXFileReference; lastKnownFileType = file.xib; path = EmptyView.xib; sourceTree = "<group>"; };
		C65621B427D6C9860002264A /* EmptyView.swift */ = {isa = PBXFileReference; lastKnownFileType = sourcecode.swift; path = EmptyView.swift; sourceTree = "<group>"; };
		C664560C27DC55A500AF8F26 /* AlertViewController.swift */ = {isa = PBXFileReference; lastKnownFileType = sourcecode.swift; path = AlertViewController.swift; sourceTree = "<group>"; };
		C66E099127D3D81800D3BDB2 /* VideoGamesApp.app */ = {isa = PBXFileReference; explicitFileType = wrapper.application; includeInIndex = 0; path = VideoGamesApp.app; sourceTree = BUILT_PRODUCTS_DIR; };
		C66E099427D3D81800D3BDB2 /* AppDelegate.swift */ = {isa = PBXFileReference; lastKnownFileType = sourcecode.swift; path = AppDelegate.swift; sourceTree = "<group>"; };
		C66E099627D3D81800D3BDB2 /* SceneDelegate.swift */ = {isa = PBXFileReference; lastKnownFileType = sourcecode.swift; path = SceneDelegate.swift; sourceTree = "<group>"; };
		C66E099B27D3D81800D3BDB2 /* Base */ = {isa = PBXFileReference; lastKnownFileType = file.storyboard; name = Base; path = Base.lproj/Main.storyboard; sourceTree = "<group>"; };
		C66E099E27D3D81800D3BDB2 /* VideoGamesApp.xcdatamodel */ = {isa = PBXFileReference; lastKnownFileType = wrapper.xcdatamodel; path = VideoGamesApp.xcdatamodel; sourceTree = "<group>"; };
		C66E09A027D3D81A00D3BDB2 /* Assets.xcassets */ = {isa = PBXFileReference; lastKnownFileType = folder.assetcatalog; path = Assets.xcassets; sourceTree = "<group>"; };
		C66E09A327D3D81A00D3BDB2 /* Base */ = {isa = PBXFileReference; lastKnownFileType = file.storyboard; name = Base; path = Base.lproj/LaunchScreen.storyboard; sourceTree = "<group>"; };
		C66E09A527D3D81A00D3BDB2 /* Info.plist */ = {isa = PBXFileReference; lastKnownFileType = text.plist.xml; path = Info.plist; sourceTree = "<group>"; };
		C66E09AE27D3D88A00D3BDB2 /* OnboardingViewController.swift */ = {isa = PBXFileReference; lastKnownFileType = sourcecode.swift; path = OnboardingViewController.swift; sourceTree = "<group>"; };
		C66E09B027D3D8A100D3BDB2 /* UserLongInViewController.swift */ = {isa = PBXFileReference; lastKnownFileType = sourcecode.swift; path = UserLongInViewController.swift; sourceTree = "<group>"; };
		C66E09B227D3DB3400D3BDB2 /* GameListViewController.swift */ = {isa = PBXFileReference; lastKnownFileType = sourcecode.swift; path = GameListViewController.swift; sourceTree = "<group>"; };
		C66E09B427D3DB4B00D3BDB2 /* GameScreenViewController.swift */ = {isa = PBXFileReference; lastKnownFileType = sourcecode.swift; path = GameScreenViewController.swift; sourceTree = "<group>"; };
		C66E09B627D3DF9E00D3BDB2 /* LikedGamesViewController.swift */ = {isa = PBXFileReference; lastKnownFileType = sourcecode.swift; path = LikedGamesViewController.swift; sourceTree = "<group>"; };
		C66E09BA27D3EB1C00D3BDB2 /* UserProfileViewController.swift */ = {isa = PBXFileReference; lastKnownFileType = sourcecode.swift; path = UserProfileViewController.swift; sourceTree = "<group>"; };
		C6A392BD27D812E7007BC017 /* ImageConfigure.swift */ = {isa = PBXFileReference; lastKnownFileType = sourcecode.swift; path = ImageConfigure.swift; sourceTree = "<group>"; };
		C6B49D7127DAC0530014B9A8 /* String+Ex.swift */ = {isa = PBXFileReference; lastKnownFileType = sourcecode.swift; path = "String+Ex.swift"; sourceTree = "<group>"; };
		C6B49D7527DAEF790014B9A8 /* UIView+Ex.swift */ = {isa = PBXFileReference; lastKnownFileType = sourcecode.swift; path = "UIView+Ex.swift"; sourceTree = "<group>"; };
		C6DF66D227D4EA9E00ED2C35 /* BottomCollectionViewCell.swift */ = {isa = PBXFileReference; lastKnownFileType = sourcecode.swift; path = BottomCollectionViewCell.swift; sourceTree = "<group>"; };
		C6DF66D327D4EA9E00ED2C35 /* BottomCollectionViewCell.xib */ = {isa = PBXFileReference; lastKnownFileType = file.xib; path = BottomCollectionViewCell.xib; sourceTree = "<group>"; };
		C6DF66D627D4EB7F00ED2C35 /* GameListModel.swift */ = {isa = PBXFileReference; lastKnownFileType = sourcecode.swift; path = GameListModel.swift; sourceTree = "<group>"; };
		C6DF66D827D4EC2B00ED2C35 /* GameDataModel.swift */ = {isa = PBXFileReference; lastKnownFileType = sourcecode.swift; path = GameDataModel.swift; sourceTree = "<group>"; };
		C6DF66DF27D50D0D00ED2C35 /* UIImageView+Ex.swift */ = {isa = PBXFileReference; lastKnownFileType = sourcecode.swift; path = "UIImageView+Ex.swift"; sourceTree = "<group>"; };
		C6DF66E327D57EE900ED2C35 /* OnboardingCollectionViewCell.swift */ = {isa = PBXFileReference; lastKnownFileType = sourcecode.swift; path = OnboardingCollectionViewCell.swift; sourceTree = "<group>"; };
		C6DF66E527D5BDF600ED2C35 /* GameScreenCollectionViewCell.swift */ = {isa = PBXFileReference; lastKnownFileType = sourcecode.swift; path = GameScreenCollectionViewCell.swift; sourceTree = "<group>"; };
		C6DF66EC27D5D03100ED2C35 /* GameInfoModel.swift */ = {isa = PBXFileReference; lastKnownFileType = sourcecode.swift; path = GameInfoModel.swift; sourceTree = "<group>"; };
		C6DF66EE27D5D2A400ED2C35 /* SlideModel.swift */ = {isa = PBXFileReference; lastKnownFileType = sourcecode.swift; path = SlideModel.swift; sourceTree = "<group>"; };
/* End PBXFileReference section */

/* Begin PBXFrameworksBuildPhase section */
		C66E098E27D3D81800D3BDB2 /* Frameworks */ = {
			isa = PBXFrameworksBuildPhase;
			buildActionMask = 2147483647;
			files = (
			);
			runOnlyForDeploymentPostprocessing = 0;
		};
/* End PBXFrameworksBuildPhase section */

/* Begin PBXGroup section */
		C66E098827D3D81800D3BDB2 = {
			isa = PBXGroup;
			children = (
				C66E099327D3D81800D3BDB2 /* VideoGamesApp */,
				C66E099227D3D81800D3BDB2 /* Products */,
			);
			sourceTree = "<group>";
		};
		C66E099227D3D81800D3BDB2 /* Products */ = {
			isa = PBXGroup;
			children = (
				C66E099127D3D81800D3BDB2 /* VideoGamesApp.app */,
			);
			name = Products;
			sourceTree = "<group>";
		};
		C66E099327D3D81800D3BDB2 /* VideoGamesApp */ = {
			isa = PBXGroup;
			children = (
				C6DF66EB27D5D00500ED2C35 /* Request */,
				C6DF66DE27D50CF500ED2C35 /* Extensions */,
				C66E09AD27D3D83B00D3BDB2 /* Model */,
				C66E09AC27D3D83000D3BDB2 /* Controller */,
				C66E09AB27D3D82200D3BDB2 /* Cell */,
				C66E099427D3D81800D3BDB2 /* AppDelegate.swift */,
				C66E099627D3D81800D3BDB2 /* SceneDelegate.swift */,
				C66E099A27D3D81800D3BDB2 /* Main.storyboard */,
				C66E09A027D3D81A00D3BDB2 /* Assets.xcassets */,
				C66E09A227D3D81A00D3BDB2 /* LaunchScreen.storyboard */,
				C66E09A527D3D81A00D3BDB2 /* Info.plist */,
				C66E099D27D3D81800D3BDB2 /* VideoGamesApp.xcdatamodeld */,
			);
			path = VideoGamesApp;
			sourceTree = "<group>";
		};
		C66E09AB27D3D82200D3BDB2 /* Cell */ = {
			isa = PBXGroup;
			children = (
				C60A2A1527D435A50093F194 /* TopCollectionViewCell.swift */,
				C60A2A1627D435A50093F194 /* TopCollectionViewCell.xib */,
				C6DF66D227D4EA9E00ED2C35 /* BottomCollectionViewCell.swift */,
				C6DF66D327D4EA9E00ED2C35 /* BottomCollectionViewCell.xib */,
				C6DF66E327D57EE900ED2C35 /* OnboardingCollectionViewCell.swift */,
				C6DF66E527D5BDF600ED2C35 /* GameScreenCollectionViewCell.swift */,
			);
			path = Cell;
			sourceTree = "<group>";
		};
		C66E09AC27D3D83000D3BDB2 /* Controller */ = {
			isa = PBXGroup;
			children = (
				C66E09AE27D3D88A00D3BDB2 /* OnboardingViewController.swift */,
				C66E09B027D3D8A100D3BDB2 /* UserLongInViewController.swift */,
				C66E09B227D3DB3400D3BDB2 /* GameListViewController.swift */,
				C66E09B427D3DB4B00D3BDB2 /* GameScreenViewController.swift */,
				C66E09B627D3DF9E00D3BDB2 /* LikedGamesViewController.swift */,
				C66E09BA27D3EB1C00D3BDB2 /* UserProfileViewController.swift */,
				C65621B427D6C9860002264A /* EmptyView.swift */,
				C65621B227D6C8D70002264A /* EmptyView.xib */,
				C664560C27DC55A500AF8F26 /* AlertViewController.swift */,
				C63EDEFC27DD1F8B00D360A1 /* InputAlertViewController.swift */,
			);
			path = Controller;
			sourceTree = "<group>";
		};
		C66E09AD27D3D83B00D3BDB2 /* Model */ = {
			isa = PBXGroup;
			children = (
				C6DF66D827D4EC2B00ED2C35 /* GameDataModel.swift */,
				C6DF66EC27D5D03100ED2C35 /* GameInfoModel.swift */,
				C6DF66EE27D5D2A400ED2C35 /* SlideModel.swift */,
			);
			path = Model;
			sourceTree = "<group>";
		};
		C6DF66DE27D50CF500ED2C35 /* Extensions */ = {
			isa = PBXGroup;
			children = (
				C6DF66DF27D50D0D00ED2C35 /* UIImageView+Ex.swift */,
				C6B49D7127DAC0530014B9A8 /* String+Ex.swift */,
				C6B49D7527DAEF790014B9A8 /* UIView+Ex.swift */,
			);
			path = Extensions;
			sourceTree = "<group>";
		};
		C6DF66EB27D5D00500ED2C35 /* Request */ = {
			isa = PBXGroup;
			children = (
				C6DF66D627D4EB7F00ED2C35 /* GameListModel.swift */,
				C6A392BD27D812E7007BC017 /* ImageConfigure.swift */,
			);
			path = Request;
			sourceTree = "<group>";
		};
/* End PBXGroup section */

/* Begin PBXNativeTarget section */
		C66E099027D3D81800D3BDB2 /* VideoGamesApp */ = {
			isa = PBXNativeTarget;
			buildConfigurationList = C66E09A827D3D81A00D3BDB2 /* Build configuration list for PBXNativeTarget "VideoGamesApp" */;
			buildPhases = (
				C66E098D27D3D81800D3BDB2 /* Sources */,
				C66E098E27D3D81800D3BDB2 /* Frameworks */,
				C66E098F27D3D81800D3BDB2 /* Resources */,
			);
			buildRules = (
			);
			dependencies = (
			);
			name = VideoGamesApp;
			productName = VideoGamesApp;
			productReference = C66E099127D3D81800D3BDB2 /* VideoGamesApp.app */;
			productType = "com.apple.product-type.application";
		};
/* End PBXNativeTarget section */

/* Begin PBXProject section */
		C66E098927D3D81800D3BDB2 /* Project object */ = {
			isa = PBXProject;
			attributes = {
				BuildIndependentTargetsInParallel = 1;
				LastSwiftUpdateCheck = 1320;
				LastUpgradeCheck = 1320;
				TargetAttributes = {
					C66E099027D3D81800D3BDB2 = {
						CreatedOnToolsVersion = 13.2.1;
					};
				};
			};
			buildConfigurationList = C66E098C27D3D81800D3BDB2 /* Build configuration list for PBXProject "VideoGamesApp" */;
			compatibilityVersion = "Xcode 13.0";
			developmentRegion = en;
			hasScannedForEncodings = 0;
			knownRegions = (
				en,
				Base,
			);
			mainGroup = C66E098827D3D81800D3BDB2;
			productRefGroup = C66E099227D3D81800D3BDB2 /* Products */;
			projectDirPath = "";
			projectRoot = "";
			targets = (
				C66E099027D3D81800D3BDB2 /* VideoGamesApp */,
			);
		};
/* End PBXProject section */

/* Begin PBXResourcesBuildPhase section */
		C66E098F27D3D81800D3BDB2 /* Resources */ = {
			isa = PBXResourcesBuildPhase;
			buildActionMask = 2147483647;
			files = (
				C60A2A1827D435A50093F194 /* TopCollectionViewCell.xib in Resources */,
				C66E09A427D3D81A00D3BDB2 /* LaunchScreen.storyboard in Resources */,
				C6DF66D527D4EA9E00ED2C35 /* BottomCollectionViewCell.xib in Resources */,
				C66E09A127D3D81A00D3BDB2 /* Assets.xcassets in Resources */,
				C65621B327D6C8D70002264A /* EmptyView.xib in Resources */,
				C66E099C27D3D81800D3BDB2 /* Main.storyboard in Resources */,
			);
			runOnlyForDeploymentPostprocessing = 0;
		};
/* End PBXResourcesBuildPhase section */

/* Begin PBXSourcesBuildPhase section */
		C66E098D27D3D81800D3BDB2 /* Sources */ = {
			isa = PBXSourcesBuildPhase;
			buildActionMask = 2147483647;
			files = (
				C6DF66E027D50D0D00ED2C35 /* UIImageView+Ex.swift in Sources */,
				C6DF66ED27D5D03100ED2C35 /* GameInfoModel.swift in Sources */,
				C66E099527D3D81800D3BDB2 /* AppDelegate.swift in Sources */,
				C6DF66E627D5BDF600ED2C35 /* GameScreenCollectionViewCell.swift in Sources */,
				C6DF66D427D4EA9E00ED2C35 /* BottomCollectionViewCell.swift in Sources */,
				C6B49D7627DAEF790014B9A8 /* UIView+Ex.swift in Sources */,
				C6DF66E427D57EE900ED2C35 /* OnboardingCollectionViewCell.swift in Sources */,
				C66E09BB27D3EB1C00D3BDB2 /* UserProfileViewController.swift in Sources */,
				C63EDEFD27DD1F8B00D360A1 /* InputAlertViewController.swift in Sources */,
				C6DF66D927D4EC2B00ED2C35 /* GameDataModel.swift in Sources */,
				C66E09B527D3DB4B00D3BDB2 /* GameScreenViewController.swift in Sources */,
				C66E099727D3D81800D3BDB2 /* SceneDelegate.swift in Sources */,
				C664560D27DC55A500AF8F26 /* AlertViewController.swift in Sources */,
				C66E09B127D3D8A100D3BDB2 /* UserLongInViewController.swift in Sources */,
				C6DF66D727D4EB7F00ED2C35 /* GameListModel.swift in Sources */,
				C6A392BE27D812E7007BC017 /* ImageConfigure.swift in Sources */,
				C6DF66EF27D5D2A400ED2C35 /* SlideModel.swift in Sources */,
				C6B49D7227DAC0530014B9A8 /* String+Ex.swift in Sources */,
				C66E099F27D3D81800D3BDB2 /* VideoGamesApp.xcdatamodeld in Sources */,
				C66E09B327D3DB3400D3BDB2 /* GameListViewController.swift in Sources */,
				C65621B527D6C9860002264A /* EmptyView.swift in Sources */,
				C66E09B727D3DF9E00D3BDB2 /* LikedGamesViewController.swift in Sources */,
				C60A2A1727D435A50093F194 /* TopCollectionViewCell.swift in Sources */,
				C66E09AF27D3D88A00D3BDB2 /* OnboardingViewController.swift in Sources */,
			);
			runOnlyForDeploymentPostprocessing = 0;
		};
/* End PBXSourcesBuildPhase section */

/* Begin PBXVariantGroup section */
		C66E099A27D3D81800D3BDB2 /* Main.storyboard */ = {
			isa = PBXVariantGroup;
			children = (
				C66E099B27D3D81800D3BDB2 /* Base */,
			);
			name = Main.storyboard;
			sourceTree = "<group>";
		};
		C66E09A227D3D81A00D3BDB2 /* LaunchScreen.storyboard */ = {
			isa = PBXVariantGroup;
			children = (
				C66E09A327D3D81A00D3BDB2 /* Base */,
			);
			name = LaunchScreen.storyboard;
			sourceTree = "<group>";
		};
/* End PBXVariantGroup section */

/* Begin XCBuildConfiguration section */
		C66E09A627D3D81A00D3BDB2 /* Debug */ = {
			isa = XCBuildConfiguration;
			buildSettings = {
				ALWAYS_SEARCH_USER_PATHS = NO;
				CLANG_ANALYZER_NONNULL = YES;
				CLANG_ANALYZER_NUMBER_OBJECT_CONVERSION = YES_AGGRESSIVE;
				CLANG_CXX_LANGUAGE_STANDARD = "gnu++17";
				CLANG_CXX_LIBRARY = "libc++";
				CLANG_ENABLE_MODULES = YES;
				CLANG_ENABLE_OBJC_ARC = YES;
				CLANG_ENABLE_OBJC_WEAK = YES;
				CLANG_WARN_BLOCK_CAPTURE_AUTORELEASING = YES;
				CLANG_WARN_BOOL_CONVERSION = YES;
				CLANG_WARN_COMMA = YES;
				CLANG_WARN_CONSTANT_CONVERSION = YES;
				CLANG_WARN_DEPRECATED_OBJC_IMPLEMENTATIONS = YES;
				CLANG_WARN_DIRECT_OBJC_ISA_USAGE = YES_ERROR;
				CLANG_WARN_DOCUMENTATION_COMMENTS = YES;
				CLANG_WARN_EMPTY_BODY = YES;
				CLANG_WARN_ENUM_CONVERSION = YES;
				CLANG_WARN_INFINITE_RECURSION = YES;
				CLANG_WARN_INT_CONVERSION = YES;
				CLANG_WARN_NON_LITERAL_NULL_CONVERSION = YES;
				CLANG_WARN_OBJC_IMPLICIT_RETAIN_SELF = YES;
				CLANG_WARN_OBJC_LITERAL_CONVERSION = YES;
				CLANG_WARN_OBJC_ROOT_CLASS = YES_ERROR;
				CLANG_WARN_QUOTED_INCLUDE_IN_FRAMEWORK_HEADER = YES;
				CLANG_WARN_RANGE_LOOP_ANALYSIS = YES;
				CLANG_WARN_STRICT_PROTOTYPES = YES;
				CLANG_WARN_SUSPICIOUS_MOVE = YES;
				CLANG_WARN_UNGUARDED_AVAILABILITY = YES_AGGRESSIVE;
				CLANG_WARN_UNREACHABLE_CODE = YES;
				CLANG_WARN__DUPLICATE_METHOD_MATCH = YES;
				COPY_PHASE_STRIP = NO;
				DEBUG_INFORMATION_FORMAT = dwarf;
				ENABLE_STRICT_OBJC_MSGSEND = YES;
				ENABLE_TESTABILITY = YES;
				GCC_C_LANGUAGE_STANDARD = gnu11;
				GCC_DYNAMIC_NO_PIC = NO;
				GCC_NO_COMMON_BLOCKS = YES;
				GCC_OPTIMIZATION_LEVEL = 0;
				GCC_PREPROCESSOR_DEFINITIONS = (
					"DEBUG=1",
					"$(inherited)",
				);
				GCC_WARN_64_TO_32_BIT_CONVERSION = YES;
				GCC_WARN_ABOUT_RETURN_TYPE = YES_ERROR;
				GCC_WARN_UNDECLARED_SELECTOR = YES;
				GCC_WARN_UNINITIALIZED_AUTOS = YES_AGGRESSIVE;
				GCC_WARN_UNUSED_FUNCTION = YES;
				GCC_WARN_UNUSED_VARIABLE = YES;
				IPHONEOS_DEPLOYMENT_TARGET = 15.2;
				MTL_ENABLE_DEBUG_INFO = INCLUDE_SOURCE;
				MTL_FAST_MATH = YES;
				ONLY_ACTIVE_ARCH = YES;
				SDKROOT = iphoneos;
				SWIFT_ACTIVE_COMPILATION_CONDITIONS = DEBUG;
				SWIFT_OPTIMIZATION_LEVEL = "-Onone";
			};
			name = Debug;
		};
		C66E09A727D3D81A00D3BDB2 /* Release */ = {
			isa = XCBuildConfiguration;
			buildSettings = {
				ALWAYS_SEARCH_USER_PATHS = NO;
				CLANG_ANALYZER_NONNULL = YES;
				CLANG_ANALYZER_NUMBER_OBJECT_CONVERSION = YES_AGGRESSIVE;
				CLANG_CXX_LANGUAGE_STANDARD = "gnu++17";
				CLANG_CXX_LIBRARY = "libc++";
				CLANG_ENABLE_MODULES = YES;
				CLANG_ENABLE_OBJC_ARC = YES;
				CLANG_ENABLE_OBJC_WEAK = YES;
				CLANG_WARN_BLOCK_CAPTURE_AUTORELEASING = YES;
				CLANG_WARN_BOOL_CONVERSION = YES;
				CLANG_WARN_COMMA = YES;
				CLANG_WARN_CONSTANT_CONVERSION = YES;
				CLANG_WARN_DEPRECATED_OBJC_IMPLEMENTATIONS = YES;
				CLANG_WARN_DIRECT_OBJC_ISA_USAGE = YES_ERROR;
				CLANG_WARN_DOCUMENTATION_COMMENTS = YES;
				CLANG_WARN_EMPTY_BODY = YES;
				CLANG_WARN_ENUM_CONVERSION = YES;
				CLANG_WARN_INFINITE_RECURSION = YES;
				CLANG_WARN_INT_CONVERSION = YES;
				CLANG_WARN_NON_LITERAL_NULL_CONVERSION = YES;
				CLANG_WARN_OBJC_IMPLICIT_RETAIN_SELF = YES;
				CLANG_WARN_OBJC_LITERAL_CONVERSION = YES;
				CLANG_WARN_OBJC_ROOT_CLASS = YES_ERROR;
				CLANG_WARN_QUOTED_INCLUDE_IN_FRAMEWORK_HEADER = YES;
				CLANG_WARN_RANGE_LOOP_ANALYSIS = YES;
				CLANG_WARN_STRICT_PROTOTYPES = YES;
				CLANG_WARN_SUSPICIOUS_MOVE = YES;
				CLANG_WARN_UNGUARDED_AVAILABILITY = YES_AGGRESSIVE;
				CLANG_WARN_UNREACHABLE_CODE = YES;
				CLANG_WARN__DUPLICATE_METHOD_MATCH = YES;
				COPY_PHASE_STRIP = NO;
				DEBUG_INFORMATION_FORMAT = "dwarf-with-dsym";
				ENABLE_NS_ASSERTIONS = NO;
				ENABLE_STRICT_OBJC_MSGSEND = YES;
				GCC_C_LANGUAGE_STANDARD = gnu11;
				GCC_NO_COMMON_BLOCKS = YES;
				GCC_WARN_64_TO_32_BIT_CONVERSION = YES;
				GCC_WARN_ABOUT_RETURN_TYPE = YES_ERROR;
				GCC_WARN_UNDECLARED_SELECTOR = YES;
				GCC_WARN_UNINITIALIZED_AUTOS = YES_AGGRESSIVE;
				GCC_WARN_UNUSED_FUNCTION = YES;
				GCC_WARN_UNUSED_VARIABLE = YES;
				IPHONEOS_DEPLOYMENT_TARGET = 15.2;
				MTL_ENABLE_DEBUG_INFO = NO;
				MTL_FAST_MATH = YES;
				SDKROOT = iphoneos;
				SWIFT_COMPILATION_MODE = wholemodule;
				SWIFT_OPTIMIZATION_LEVEL = "-O";
				VALIDATE_PRODUCT = YES;
			};
			name = Release;
		};
		C66E09A927D3D81A00D3BDB2 /* Debug */ = {
			isa = XCBuildConfiguration;
			buildSettings = {
				ASSETCATALOG_COMPILER_APPICON_NAME = AppIcon;
				ASSETCATALOG_COMPILER_GLOBAL_ACCENT_COLOR_NAME = AccentColor;
				CODE_SIGN_STYLE = Automatic;
				CURRENT_PROJECT_VERSION = 1;
				GENERATE_INFOPLIST_FILE = YES;
				INFOPLIST_FILE = VideoGamesApp/Info.plist;
				INFOPLIST_KEY_UIApplicationSupportsIndirectInputEvents = YES;
				INFOPLIST_KEY_UILaunchStoryboardName = LaunchScreen;
				INFOPLIST_KEY_UIMainStoryboardFile = Main;
				INFOPLIST_KEY_UISupportedInterfaceOrientations_iPad = "UIInterfaceOrientationPortrait UIInterfaceOrientationPortraitUpsideDown UIInterfaceOrientationLandscapeLeft UIInterfaceOrientationLandscapeRight";
				INFOPLIST_KEY_UISupportedInterfaceOrientations_iPhone = "UIInterfaceOrientationPortrait UIInterfaceOrientationLandscapeLeft UIInterfaceOrientationLandscapeRight";
				LD_RUNPATH_SEARCH_PATHS = (
					"$(inherited)",
					"@executable_path/Frameworks",
				);
				MARKETING_VERSION = 1.0;
				PRODUCT_BUNDLE_IDENTIFIER = TurkcellSwiftBootcamp.VideoGamesApp;
				PRODUCT_NAME = "$(TARGET_NAME)";
				SWIFT_EMIT_LOC_STRINGS = YES;
				SWIFT_VERSION = 5.0;
				TARGETED_DEVICE_FAMILY = "1,2";
			};
			name = Debug;
		};
		C66E09AA27D3D81A00D3BDB2 /* Release */ = {
			isa = XCBuildConfiguration;
			buildSettings = {
				ASSETCATALOG_COMPILER_APPICON_NAME = AppIcon;
				ASSETCATALOG_COMPILER_GLOBAL_ACCENT_COLOR_NAME = AccentColor;
				CODE_SIGN_STYLE = Automatic;
				CURRENT_PROJECT_VERSION = 1;
				GENERATE_INFOPLIST_FILE = YES;
				INFOPLIST_FILE = VideoGamesApp/Info.plist;
				INFOPLIST_KEY_UIApplicationSupportsIndirectInputEvents = YES;
				INFOPLIST_KEY_UILaunchStoryboardName = LaunchScreen;
				INFOPLIST_KEY_UIMainStoryboardFile = Main;
				INFOPLIST_KEY_UISupportedInterfaceOrientations_iPad = "UIInterfaceOrientationPortrait UIInterfaceOrientationPortraitUpsideDown UIInterfaceOrientationLandscapeLeft UIInterfaceOrientationLandscapeRight";
				INFOPLIST_KEY_UISupportedInterfaceOrientations_iPhone = "UIInterfaceOrientationPortrait UIInterfaceOrientationLandscapeLeft UIInterfaceOrientationLandscapeRight";
				LD_RUNPATH_SEARCH_PATHS = (
					"$(inherited)",
					"@executable_path/Frameworks",
				);
				MARKETING_VERSION = 1.0;
				PRODUCT_BUNDLE_IDENTIFIER = TurkcellSwiftBootcamp.VideoGamesApp;
				PRODUCT_NAME = "$(TARGET_NAME)";
				SWIFT_EMIT_LOC_STRINGS = YES;
				SWIFT_VERSION = 5.0;
				TARGETED_DEVICE_FAMILY = "1,2";
			};
			name = Release;
		};
/* End XCBuildConfiguration section */

/* Begin XCConfigurationList section */
		C66E098C27D3D81800D3BDB2 /* Build configuration list for PBXProject "VideoGamesApp" */ = {
			isa = XCConfigurationList;
			buildConfigurations = (
				C66E09A627D3D81A00D3BDB2 /* Debug */,
				C66E09A727D3D81A00D3BDB2 /* Release */,
			);
			defaultConfigurationIsVisible = 0;
			defaultConfigurationName = Release;
		};
		C66E09A827D3D81A00D3BDB2 /* Build configuration list for PBXNativeTarget "VideoGamesApp" */ = {
			isa = XCConfigurationList;
			buildConfigurations = (
				C66E09A927D3D81A00D3BDB2 /* Debug */,
				C66E09AA27D3D81A00D3BDB2 /* Release */,
			);
			defaultConfigurationIsVisible = 0;
			defaultConfigurationName = Release;
		};
/* End XCConfigurationList section */

/* Begin XCVersionGroup section */
		C66E099D27D3D81800D3BDB2 /* VideoGamesApp.xcdatamodeld */ = {
			isa = XCVersionGroup;
			children = (
				C66E099E27D3D81800D3BDB2 /* VideoGamesApp.xcdatamodel */,
			);
			currentVersion = C66E099E27D3D81800D3BDB2 /* VideoGamesApp.xcdatamodel */;
			path = VideoGamesApp.xcdatamodeld;
			sourceTree = "<group>";
			versionGroupType = wrapper.xcdatamodel;
		};
/* End XCVersionGroup section */
	};
	rootObject = C66E098927D3D81800D3BDB2 /* Project object */;
}
